
Microsoft Visual Studio Solution File, Format Version 12.00
# Visual Studio 15
VisualStudioVersion = 15.0.27703.2018
MinimumVisualStudioVersion = 10.0.40219.1
Project("{FAE04EC0-301F-11D3-BF4B-00C04F79EFBC}") = "SeatBelt", "SeatBelt\SeatBelt.csproj", "{887954F7-1A64-476E-B0A5-B15215729CFB}"
EndProject
Global
	GlobalSection(SolutionConfigurationPlatforms) = preSolution
		Debug|Any CPU = Debug|Any CPU
		Release|Any CPU = Release|Any CPU
	EndGlobalSection
	GlobalSection(ProjectConfigurationPlatforms) = postSolution
		{887954F7-1A64-476E-B0A5-B15215729CFB}.Debug|Any CPU.ActiveCfg = Debug|Any CPU
		{887954F7-1A64-476E-B0A5-B15215729CFB}.Debug|Any CPU.Build.0 = Debug|Any CPU
		{887954F7-1A64-476E-B0A5-B15215729CFB}.Release|Any CPU.ActiveCfg = Release|Any CPU
		{887954F7-1A64-476E-B0A5-B15215729CFB}.Release|Any CPU.Build.0 = Release|Any CPU
	EndGlobalSection
	GlobalSection(SolutionProperties) = preSolution
		HideSolutionNode = FALSE
	EndGlobalSection
	GlobalSection(ExtensibilityGlobals) = postSolution
		SolutionGuid = {AD56F45E-EB79-4BB5-A87E-DEDE39AB5E4E}
	EndGlobalSection
EndGlobal
